{
    "_readme": [
        "This file locks the dependencies of your project to a known state",
        "Read more about it at https://getcomposer.org/doc/01-basic-usage.md#installing-dependencies",
        "This file is @generated automatically"
    ],
    "content-hash": "ea24e41a02bece59b967e0c730204204",
    "packages": [],
    "packages-dev": [
        {
            "name": "tomasvotruba/class-leak",
            "version": "1.2.7",
            "source": {
                "type": "git",
                "url": "https://github.com/TomasVotruba/class-leak.git",
                "reference": "119d9fb16d4a90114d335b5e7a48cba32d0f30b4"
            },
            "dist": {
                "type": "zip",
                "url": "https://api.github.com/repos/TomasVotruba/class-leak/zipball/119d9fb16d4a90114d335b5e7a48cba32d0f30b4",
                "reference": "119d9fb16d4a90114d335b5e7a48cba32d0f30b4",
                "shasum": ""
            },
            "require": {
                "php": ">=7.2"
            },
            "bin": [
                "bin/class-leak",
                "bin/class-leak.php"
            ],
            "type": "library",
            "autoload": {
                "psr-4": {
                    "TomasVotruba\\ClassLeak\\": "app"
                }
            },
            "notification-url": "https://packagist.org/downloads/",
            "license": [
                "MIT"
            ],
            "description": "Detect leaking classes",
            "support": {
                "issues": "https://github.com/TomasVotruba/class-leak/issues",
                "source": "https://github.com/TomasVotruba/class-leak/tree/1.2.7"
            },
            "funding": [
                {
                    "url": "https://www.paypal.me/rectorphp",
                    "type": "custom"
                },
                {
                    "url": "https://github.com/tomasvotruba",
                    "type": "github"
                }
            ],
            "time": "2024-12-09T11:29:49+00:00"
        }
    ],
    "aliases": [],
    "minimum-stability": "stable",
    "stability-flags": {},
    "prefer-stable": false,
    "prefer-lowest": false,
    "platform": {},
    "platform-dev": {},
    "plugin-api-version": "2.6.0"
}
